# THIS IS AN AUTOGENERATED FILE. DO NOT EDIT THIS FILE DIRECTLY.
# yarn lockfile v1


abbrev@1:
  version "1.1.1"
  resolved "https://registry.yarnpkg.com/abbrev/-/abbrev-1.1.1.tgz#f8f2c887ad10bf67f634f005b6987fed3179aac8"
  integrity sha512-nne9/IiQ/hzIhY6pdDnbBtz7DjPTKrY00P/zvPSm5pOFkl6xuGrGnXn/VtTNNfNtAfZ9/1RtehkszU9qcTii0Q==

abbrev@1.0.x:
  version "1.0.9"
  resolved "https://registry.yarnpkg.com/abbrev/-/abbrev-1.0.9.tgz#91b4792588a7738c25f35dd6f63752a2f8776135"
  integrity sha512-LEyx4aLEC3x6T0UguF6YILf+ntvmOaWsVfENmIW0E9H09vKlLDGelMjjSm0jkDHALj8A8quZ/HapKNigzwge+Q==

adm-zip@^0.4.3:
  version "0.4.16"
  resolved "https://registry.yarnpkg.com/adm-zip/-/adm-zip-0.4.16.tgz#cf4c508fdffab02c269cbc7f471a875f05570365"
  integrity sha512-TFi4HBKSGfIKsK5YCkKaaFG2m4PEDyViZmEwof3MTIgzimHLto6muaHVpbrljdIvIrFZzEq/p4nafOeLcYegrg==

amdefine@>=0.0.4:
  version "1.0.1"
  resolved "https://registry.yarnpkg.com/amdefine/-/amdefine-1.0.1.tgz#4a5282ac164729e93619bcfd3ad151f817ce91f5"
  integrity sha512-S2Hw0TtNkMJhIabBwIojKL9YHO5T0n5eNqWJ7Lrlel/zDbftQpxpapi8tZs3X1HWa+u+QeydGmzzNU0m09+Rcg==

argparse@^1.0.7:
  version "1.0.10"
  resolved "https://registry.yarnpkg.com/argparse/-/argparse-1.0.10.tgz#bcd6791ea5ae09725e17e5ad988134cd40b3d911"
  integrity sha512-o5Roy6tNG4SL/FOkCAN6RzjiakZS25RLYFrcMttJqbdd8BWrnA+fGz57iN5Pb06pvBGvl5gQ0B48dJlslXvoTg==
  dependencies:
    sprintf-js "~1.0.2"

async@0.9.x:
  version "0.9.2"
  resolved "https://registry.yarnpkg.com/async/-/async-0.9.2.tgz#aea74d5e61c1f899613bf64bda66d4c78f2fd17d"
  integrity sha512-l6ToIJIotphWahxxHyzK9bnLR6kM4jJIIgLShZeqLY7iboHoGkdgFl7W2/Ivi4SkMJYGKqW8vSuk0uKUj6qsSw==

async@~0.2.6:
  version "0.2.10"
  resolved "https://registry.yarnpkg.com/async/-/async-0.2.10.tgz#b6bbe0b0674b9d719708ca38de8c237cb526c3d1"
  integrity sha512-eAkdoKxU6/LkKDBzLpT+t6Ff5EtfSF4wx1WfJiPEEV7WNLnDaRXk0oVysiEPm262roaachGexwUv94WhSgN5TQ==

balanced-match@^1.0.0:
  version "1.0.2"
  resolved "https://registry.yarnpkg.com/balanced-match/-/balanced-match-1.0.2.tgz#e83e3a7e3f300b34cb9d87f615fa0cbf357690ee"
  integrity sha512-3oSeUO0TMV67hN1AmbXsK4yaqU7tjiHlbxRDZOpH0KW9+CeX4bRAaX0Anxt0tx2MrpRpWwQaPwIlISEJhYU5Pw==

block-stream@*:
  version "0.0.9"
  resolved "https://registry.yarnpkg.com/block-stream/-/block-stream-0.0.9.tgz#13ebfe778a03205cfe03751481ebb4b3300c126a"
  integrity sha512-OorbnJVPII4DuUKbjARAe8u8EfqOmkEEaSFIyoQ7OjTHn6kafxWl0wLgoZ2rXaYd7MyLcDaU4TmhfxtwgcccMQ==
  dependencies:
    inherits "~2.0.0"

brace-expansion@^1.1.7:
  version "1.1.11"
  resolved "https://registry.yarnpkg.com/brace-expansion/-/brace-expansion-1.1.11.tgz#3c7fcbf529d87226f3d2f52b966ff5271eb441dd"
  integrity sha512-iCuPHDFgrHX7H2vEI/5xpz07zSHB00TpugqhmYtVmMO6518mCuRMoOYFldEBl0g187ufozdaHgWKcYFb61qGiA==
  dependencies:
    balanced-match "^1.0.0"
    concat-map "0.0.1"

charm@0.2.0:
  version "0.2.0"
  resolved "https://registry.yarnpkg.com/charm/-/charm-0.2.0.tgz#bacd06d8717759362f7a662a1e967af7537fda8b"
  integrity sha512-2NGBaN/KPDJk/CMlIP+uOBLiK5dSUXDEa5yk7UWCoKAnNVkzXujCAMRkQTEiEtMVERyd7yGHI9X41cmdKeubww==

concat-map@0.0.1:
  version "0.0.1"
  resolved "https://registry.yarnpkg.com/concat-map/-/concat-map-0.0.1.tgz#d8a96bd77fd68df7793a73036a3ba0d5405d477b"
  integrity sha512-/Srv4dswyQNBfohGpz9o6Yb3Gz3SrUDqBH5rTuhGR7ahtlbYKnVxw2bCFMRljaA7EXHaXZ8wsHdodFvbkhKmqg==

decompress@0.2.3:
  version "0.2.3"
  resolved "https://registry.yarnpkg.com/decompress/-/decompress-0.2.3.tgz#ad471a0fc51b7193b72f60c9e040ce1a7a4b9fcc"
  integrity sha512-4U5n20SMuwLrBMrner58Byn4A+2SDvKrp/VRd2oLUCEkorvTu8lMwHECQUNx364MCXvtiOb0UA8kOOVkB+f8ew==
  dependencies:
    adm-zip "^0.4.3"
    extname "^0.1.1"
    get-stdin "^0.1.0"
    map-key "^0.1.1"
    mkdirp "^0.3.5"
    nopt "^2.2.0"
    rimraf "^2.2.2"
    stream-combiner "^0.0.4"
    tar "^0.1.18"
    tempfile "^0.1.2"

diff@1.1.0:
  version "1.1.0"
  resolved "https://registry.yarnpkg.com/diff/-/diff-1.1.0.tgz#798a49381aa464151e9b4f0e6ff2b09a8a1ad23f"
  integrity sha512-WjTXudf2KKRi//AfeNNbgmiM8BO3whNjvUbPhMpoUxgiHHlVrpp/QyOM5jAGF0vjRWwOgXLrylnMRtfQN+u/RQ==

digdug@1.4.0:
  version "1.4.0"
  resolved "https://registry.yarnpkg.com/digdug/-/digdug-1.4.0.tgz#03bd712a88d14847b92d7c6e5afd25b8d9f7427a"
  integrity sha512-MnozcY0RJb/zVXJ8JCfILdAnhUl/Dm5bfuIgb0l01ktlQ+noutVokf2t1TjW0dUcWM7k7/Z5qu2buHZITvDKFg==
  dependencies:
    decompress "0.2.3"
    dojo "2.0.0-alpha.7"

dojo@1.9.4:
  version "1.9.4"
  resolved "https://registry.yarnpkg.com/dojo/-/dojo-1.9.4.tgz#72afd5c595206d08eff2db27936fe0f4543f79b3"
  integrity sha512-7JpXK8bhh7lJ40sYFOjNrfE27Sz7dHVQ2mKo7Ywc/GgVVr48ONB2G+1BhEZ7toD4fN1HyFqXzNWuVfMDYTZoow==

dojo@2.0.0-alpha.7:
  version "2.0.0-alpha.7"
  resolved "https://registry.yarnpkg.com/dojo/-/dojo-2.0.0-alpha.7.tgz#c2b25d43d8f72ccc9c8fe89a34906a2d271e5c91"
  integrity sha512-npEfED4qYk2YpPdCZZ8AgPkyImrSWEp7/zpgVy9HYw/NHoCV9/6ZwiQBZZ8p8ZxHxwnHnKdbKbNgklQk+IEEpQ==

duplexer@~0.1.1:
  version "0.1.2"
  resolved "https://registry.yarnpkg.com/duplexer/-/duplexer-0.1.2.tgz#3abe43aef3835f8ae077d136ddce0f276b0400e6"
  integrity sha512-jtD6YG370ZCIi/9GTaJKQxWTZD045+4R4hTk/x1UyoqadyJ9x9CgSi1RlVDQF8U2sxLLSnFkCaMihqljHIWgMg==

escodegen@1.3.x:
  version "1.3.3"
  resolved "https://registry.yarnpkg.com/escodegen/-/escodegen-1.3.3.tgz#f024016f5a88e046fd12005055e939802e6c5f23"
  integrity sha512-z9FWgKc48wjMlpzF5ymKS1AF8OIgnKLp9VyN7KbdtyrP/9lndwUFqCtMm+TAJmJf7KJFFYc4cFJfVTTGkKEwsA==
  dependencies:
    esprima "~1.1.1"
    estraverse "~1.5.0"
    esutils "~1.0.0"
  optionalDependencies:
    source-map "~0.1.33"

esprima@1.2.x:
  version "1.2.5"
  resolved "https://registry.yarnpkg.com/esprima/-/esprima-1.2.5.tgz#0993502feaf668138325756f30f9a51feeec11e9"
  integrity sha512-S9VbPDU0adFErpDai3qDkjq8+G05ONtKzcyNrPKg/ZKa+tf879nX2KexNU95b31UoTJjRLInNBHHHjFPoCd7lQ==

esprima@^4.0.0:
  version "4.0.1"
  resolved "https://registry.yarnpkg.com/esprima/-/esprima-4.0.1.tgz#13b04cdb3e6c5d19df91ab6987a8695619b0aa71"
  integrity sha512-eGuFFw7Upda+g4p+QHvnW0RyTX/SVeJBDM/gCtMARO0cLuT2HcEKnTPvhjV6aGeqrCB/sbNop0Kszm0jsaWU4A==

esprima@~1.1.1:
  version "1.1.1"
  resolved "https://registry.yarnpkg.com/esprima/-/esprima-1.1.1.tgz#5b6f1547f4d102e670e140c509be6771d6aeb549"
  integrity sha512-qxxB994/7NtERxgXdFgLHIs9M6bhLXc6qtUmWZ3L8+gTQ9qaoyki2887P2IqAYsoENyr8SUbTutStDniOHSDHg==

estraverse@~1.5.0:
  version "1.5.1"
  resolved "https://registry.yarnpkg.com/estraverse/-/estraverse-1.5.1.tgz#867a3e8e58a9f84618afb6c2ddbcd916b7cbaf71"
  integrity sha512-FpCjJDfmo3vsc/1zKSeqR5k42tcIhxFIlvq+h9j0fO2q/h2uLKyweq7rYJ+0CoVvrGQOxIS5wyBrW/+vF58BUQ==

esutils@~1.0.0:
  version "1.0.0"
  resolved "https://registry.yarnpkg.com/esutils/-/esutils-1.0.0.tgz#8151d358e20c8acc7fb745e7472c0025fe496570"
  integrity sha512-x/iYH53X3quDwfHRz4y8rn4XcEwwCJeWsul9pF1zldMbGtgOtMNBEOuYWwB1EQlK2LRa1fev3YAgym/RElp5Cg==

ext-list@^0.2.0:
  version "0.2.0"
  resolved "https://registry.yarnpkg.com/ext-list/-/ext-list-0.2.0.tgz#3614d5f299f4a592a89629e7de825f1774d19abd"
  integrity sha512-5HDeVof2cxke3u+FQ3FhTVf9UZUK/07Y/5SNqOL8AjCEEcqZciaR4gP1ESIVbYxctlkClVLHddm8oPsk+Ndcrw==
  dependencies:
    got "^0.2.0"

extname@^0.1.1:
  version "0.1.5"
  resolved "https://registry.yarnpkg.com/extname/-/extname-0.1.5.tgz#3cbb388d0dac6086c53133cdfa108074d8a7552e"
  integrity sha512-EupdtvyQM71PoWNsaT2uknme8RBPRTi+d3NMoOzq5xbWVHyy2wleF8K7CQ0fSiYSe7h4QQV8Jut0mAh8htBHZQ==
  dependencies:
    ext-list "^0.2.0"
    map-key "^0.1.1"
    underscore.string "~2.3.3"

fileset@0.1.x:
  version "0.1.8"
  resolved "https://registry.yarnpkg.com/fileset/-/fileset-0.1.8.tgz#506b91a9396eaa7e32fb42a84077c7a0c736b741"
  integrity sha512-Gg0/Iy/v4BfdGWZpbpVBPKIYcap7jMn2uT5lcIDZyMFZR35VDojrJnIAwWjCj7ZOqsGp3j+ExWKqnfGrz4q0fg==
  dependencies:
    glob "3.x"
    minimatch "0.x"

fs.realpath@^1.0.0:
  version "1.0.0"
  resolved "https://registry.yarnpkg.com/fs.realpath/-/fs.realpath-1.0.0.tgz#1504ad2523158caa40db4a2787cb01411994ea4f"
  integrity sha512-OO0pH2lK6a0hZnAdau5ItzHPI6pUlvI7jMVnxUQRtw4owF2wk8lOSabtGDCTP4Ggrg2MbGnWO9X8K1t4+fGMDw==

fstream@~0.1.28:
  version "0.1.31"
  resolved "https://registry.yarnpkg.com/fstream/-/fstream-0.1.31.tgz#7337f058fbbbbefa8c9f561a28cab0849202c988"
  integrity sha512-N1pLGEHoDyCoI8uMmPXJXhn238L4nk41iipXCrqs4Ss0ooYSr5sNj2ucMo5AqJVC4OaOa7IztpBhOaaYTGZVuA==
  dependencies:
    graceful-fs "~3.0.2"
    inherits "~2.0.0"
    mkdirp "0.5"
    rimraf "2"

get-stdin@^0.1.0:
  version "0.1.0"
  resolved "https://registry.yarnpkg.com/get-stdin/-/get-stdin-0.1.0.tgz#5998af24aafc802d15c82c685657eeb8b10d4a91"
  integrity sha512-/WBu3IaQZxE3bs3BhBmR10ipDY4pjN+U4EZgXULa1eqKA0B/Lka/MVoAqhTVYBkkRlCrEGDOU9itrzIgm9Ksng==

glob@3.x:
  version "3.2.11"
  resolved "https://registry.yarnpkg.com/glob/-/glob-3.2.11.tgz#4a973f635b9190f715d10987d5c00fd2815ebe3d"
  integrity sha512-hVb0zwEZwC1FXSKRPFTeOtN7AArJcJlI6ULGLtrstaswKNlrTJqAA+1lYlSUop4vjA423xlBzqfVS3iWGlqJ+g==
  dependencies:
    inherits "2"
    minimatch "0.3"

glob@^7.1.3:
  version "7.2.3"
  resolved "https://registry.yarnpkg.com/glob/-/glob-7.2.3.tgz#b8df0fb802bbfa8e89bd1d938b4e16578ed44f2b"
  integrity sha512-nFR0zLpU2YCaRxwoCJvL6UvCH2JFyFVIvwTLsIf21AuHlMskA1hhTdk+LlYJtOlYt9v6dvszD2BGRqBL+iQK9Q==
  dependencies:
    fs.realpath "^1.0.0"
    inflight "^1.0.4"
    inherits "2"
    minimatch "^3.1.1"
    once "^1.3.0"
    path-is-absolute "^1.0.0"

got@^0.2.0:
  version "0.2.0"
  resolved "https://registry.yarnpkg.com/got/-/got-0.2.0.tgz#d00c248b29fdccaea940df9ca0995ebff31b51a5"
  integrity sha512-YTZ1W2+KYNuBSR2icdJIU4EXddb6NsjXcZN/e1ggfkdniQk1mrVaxyyRJL0Mi+HggW3+Ld2vH3dDl/tI2LKmag==
  dependencies:
    object-assign "^0.3.0"

graceful-fs@~3.0.2:
  version "3.0.12"
  resolved "https://registry.yarnpkg.com/graceful-fs/-/graceful-fs-3.0.12.tgz#0034947ce9ed695ec8ab0b854bc919e82b1ffaef"
  integrity sha512-J55gaCS4iTTJfTXIxSVw3EMQckcqkpdRv3IR7gu6sq0+tbC363Zx6KH/SEwXASK9JRbhyZmVjJEVJIOxYsB3Qg==
  dependencies:
    natives "^1.1.3"

handlebars@1.3.x:
  version "1.3.0"
  resolved "https://registry.yarnpkg.com/handlebars/-/handlebars-1.3.0.tgz#9e9b130a93e389491322d975cf3ec1818c37ce34"
  integrity sha512-l7sLUTqXCkc1Ypoy8mSOWZFEZJK3VYQYnLfIVTRJeSHdgzt6hXkQ0uPGugydPa99KyyBdsi0J3WvYfm/HX5naQ==
  dependencies:
    optimist "~0.3"
  optionalDependencies:
    uglify-js "~2.3"

inflight@^1.0.4:
  version "1.0.6"
  resolved "https://registry.yarnpkg.com/inflight/-/inflight-1.0.6.tgz#49bd6331d7d02d0c09bc910a1075ba8165b56df9"
  integrity sha512-k92I/b08q4wvFscXCLvqfsHCrjrF7yiXsQuIVvVE7N82W3+aqpzuUdBbfhWcy/FZR3/4IgflMgKLOsvPDrGCJA==
  dependencies:
    once "^1.3.0"
    wrappy "1"

inherits@2, inherits@~2.0.0:
  version "2.0.4"
  resolved "https://registry.yarnpkg.com/inherits/-/inherits-2.0.4.tgz#0fa2c64f932917c3433a0ded55363aae37416b7c"
  integrity sha512-k/vGaX4/Yla3WzyMCvTQOXYeIHvqOKtnqBduzTHpzpQZzAskKMhZ2K+EnBiSM9zGSoIFeMpXKxa4dYeZIQqewQ==

intern-geezer@^2.2.3:
  version "2.2.3"
  resolved "https://registry.yarnpkg.com/intern-geezer/-/intern-geezer-2.2.3.tgz#179c554fbf64f206a2da04195d01f1ecd019e5ae"
  integrity sha512-Arf36Srujj/LbsCXUYOdkriuO8jKshLkAoEOVh7ruZp+NqCl0dZ0BnetN/sRSdLrwzXhQiJywTGTXUkPHUxYuw==
  dependencies:
    charm "0.2.0"
    diff "1.1.0"
    digdug "1.4.0"
    dojo "1.9.4"
    istanbul "0.2.16"
    leadfoot "1.6.6"
    source-map "0.1.33"

istanbul@0.2.16:
  version "0.2.16"
  resolved "https://registry.yarnpkg.com/istanbul/-/istanbul-0.2.16.tgz#870545a0d4f4b4ce161039e9e805a98c2c700bd9"
  integrity sha512-+v4frOfwLqqD26Hq9SIUOnz2D3WJv+UjHXelIB9hWPZIMe3obFtTMx2bdIBqt+YA7EqtF8IWJ+r0QF++oAqq5g==
  dependencies:
    abbrev "1.0.x"
    async "0.9.x"
    escodegen "1.3.x"
    esprima "1.2.x"
    fileset "0.1.x"
    handlebars "1.3.x"
    js-yaml "3.x"
    mkdirp "0.5.x"
    nopt "3.x"
    resolve "0.7.x"
    which "1.0.x"
    wordwrap "0.0.x"

js-yaml@3.x:
  version "3.14.1"
  resolved "https://registry.yarnpkg.com/js-yaml/-/js-yaml-3.14.1.tgz#dae812fdb3825fa306609a8717383c50c36a0537"
  integrity sha512-okMH7OXXJ7YrN9Ok3/SXrnu4iX9yOk+25nqX4imS2npuvTYDmo/QEZoqwZkYaIDk3jVvBOTOIEgEhaLOynBS9g==
  dependencies:
    argparse "^1.0.7"
    esprima "^4.0.0"

jszip@2.5.0:
  version "2.5.0"
  resolved "https://registry.yarnpkg.com/jszip/-/jszip-2.5.0.tgz#7444fd8551ddf3e5da7198fea0c91bc8308cc274"
  integrity sha512-IRoyf8JSYY3nx+uyh5xPc0qdy8pUDTp2UkHOWYNF/IO/3D8nx7899UlSAjD8rf8wUgOmm0lACWx/GbW3EaxIXQ==
  dependencies:
    pako "~0.2.5"

leadfoot@1.6.6:
  version "1.6.6"
  resolved "https://registry.yarnpkg.com/leadfoot/-/leadfoot-1.6.6.tgz#19d14624aa11cd3fa1bc3d619ba02a44ef989922"
  integrity sha512-2LARS8QIj5RA616JxOuY5ijY0Cg9Ov2Xm3BtQPFs1sEtCn9ZB2R7YEfXdSnOmVyaBTbQ4mq4GSSTMF4k05QtIQ==
  dependencies:
    dojo "2.0.0-alpha.7"
    jszip "2.5.0"

lodash@^2.4.1:
  version "2.4.2"
  resolved "https://registry.yarnpkg.com/lodash/-/lodash-2.4.2.tgz#fadd834b9683073da179b3eae6d9c0d15053f73e"
  integrity sha512-Kak1hi6/hYHGVPmdyiZijoQyz5x2iGVzs6w9GYB/HiXEtylY7tIoYEROMjvM1d9nXJqPOrG2MNPMn01bJ+S0Rw==

lru-cache@2:
  version "2.7.3"
  resolved "https://registry.yarnpkg.com/lru-cache/-/lru-cache-2.7.3.tgz#6d4524e8b955f95d4f5b58851ce21dd72fb4e952"
  integrity sha512-WpibWJ60c3AgAz8a2iYErDrcT2C7OmKnsWhIcHOjkUHFjkXncJhtLxNSqUmxRxRunpb5I8Vprd7aNSd2NtksJQ==

map-key@^0.1.1:
  version "0.1.5"
  resolved "https://registry.yarnpkg.com/map-key/-/map-key-0.1.5.tgz#8afb134f2a321a4de29befcb5aaba3348b37bdfc"
  integrity sha512-hjd6BQbRqz/agWcNMxi1wqs0FptFb+jDqcn9jd3KL/ySsU5yI/eBkdRqPSHDQcYtgiXDDjkyp0QQGhqErJWHpg==
  dependencies:
    lodash "^2.4.1"
    underscore.string "^2.3.3"

minimatch@0.3:
  version "0.3.0"
  resolved "https://registry.yarnpkg.com/minimatch/-/minimatch-0.3.0.tgz#275d8edaac4f1bb3326472089e7949c8394699dd"
  integrity sha512-WFX1jI1AaxNTZVOHLBVazwTWKaQjoykSzCBNXB72vDTCzopQGtyP91tKdFK5cv1+qMwPyiTu1HqUriqplI8pcA==
  dependencies:
    lru-cache "2"
    sigmund "~1.0.0"

minimatch@0.x:
  version "0.4.0"
  resolved "https://registry.yarnpkg.com/minimatch/-/minimatch-0.4.0.tgz#bd2c7d060d2c8c8fd7cde7f1f2ed2d5b270fdb1b"
  integrity sha512-yJKJL1g3to7f4C/9LzHXTzNh550xKGefiCls9RS+DDdsDpKpndY49UDZW5sj/3yeac3Hl2Px3w5bT8bM/dMrWQ==
  dependencies:
    lru-cache "2"
    sigmund "~1.0.0"

minimatch@^3.1.1:
  version "3.1.2"
  resolved "https://registry.yarnpkg.com/minimatch/-/minimatch-3.1.2.tgz#19cd194bfd3e428f049a70817c038d89ab4be35b"
  integrity sha512-J7p63hRiAjw1NDEww1W7i37+ByIrOWO5XQQAzZ3VOcL0PNybwpfmV/N05zFAzwQ9USyEcX6t3UO+K5aqBQOIHw==
  dependencies:
    brace-expansion "^1.1.7"

minimist@^1.2.6:
  version "1.2.6"
  resolved "https://registry.yarnpkg.com/minimist/-/minimist-1.2.6.tgz#8637a5b759ea0d6e98702cfb3a9283323c93af44"
  integrity sha512-Jsjnk4bw3YJqYzbdyBiNsPWHPfO++UGG749Cxs6peCu5Xg4nrena6OVxOYxrQTqww0Jmwt+Ref8rggumkTLz9Q==

mkdirp@0.5, mkdirp@0.5.x:
  version "0.5.6"
  resolved "https://registry.yarnpkg.com/mkdirp/-/mkdirp-0.5.6.tgz#7def03d2432dcae4ba1d611445c48396062255f6"
  integrity sha512-FP+p8RB8OWpF3YZBCrP5gtADmtXApB5AMLn+vdyA+PyxCjrCs00mjyUozssO33cwDeT3wNGdLxJ5M//YqtHAJw==
  dependencies:
    minimist "^1.2.6"

mkdirp@^0.3.5:
  version "0.3.5"
  resolved "https://registry.yarnpkg.com/mkdirp/-/mkdirp-0.3.5.tgz#de3e5f8961c88c787ee1368df849ac4413eca8d7"
  integrity sha512-8OCq0De/h9ZxseqzCH8Kw/Filf5pF/vMI6+BH7Lu0jXz2pqYCjTAQRolSxRIi+Ax+oCCjlxoJMP0YQ4XlrQNHg==

natives@^1.1.3:
  version "1.1.6"
  resolved "https://registry.yarnpkg.com/natives/-/natives-1.1.6.tgz#a603b4a498ab77173612b9ea1acdec4d980f00bb"
  integrity sha512-6+TDFewD4yxY14ptjKaS63GVdtKiES1pTPyxn9Jb0rBqPMZ7VcCiooEhPNsr+mqHtMGxa/5c/HhcC4uPEUw/nA==

nopt@3.x:
  version "3.0.6"
  resolved "https://registry.yarnpkg.com/nopt/-/nopt-3.0.6.tgz#c6465dbf08abcd4db359317f79ac68a646b28ff9"
  integrity sha512-4GUt3kSEYmk4ITxzB/b9vaIDfUVWN/Ml1Fwl11IlnIG2iaJ9O6WXZ9SrYM9NLI8OCBieN2Y8SWC2oJV0RQ7qYg==
  dependencies:
    abbrev "1"

nopt@^2.2.0:
  version "2.2.1"
  resolved "https://registry.yarnpkg.com/nopt/-/nopt-2.2.1.tgz#2aa09b7d1768487b3b89a9c5aa52335bff0baea7"
  integrity sha512-gIOTA/uJuhPwFqp+spY7VQ1satbnGlD+iQVZxI18K6hs8Evq4sX81Ml7BB5byP/LsbR2yBVtmvdEmhi7evJ6Aw==
  dependencies:
    abbrev "1"

object-assign@^0.3.0:
  version "0.3.1"
  resolved "https://registry.yarnpkg.com/object-assign/-/object-assign-0.3.1.tgz#060e2a2a27d7c0d77ec77b78f11aa47fd88008d2"
  integrity sha512-4gWmwoU6o9UImLLzq+8R+kzWT0ABYdKXuvSp08JpYzhibFvdUirMfE9nE5yYHcG1k9ClcVueR4TolZpRvwg5og==

once@^1.3.0:
  version "1.4.0"
  resolved "https://registry.yarnpkg.com/once/-/once-1.4.0.tgz#583b1aa775961d4b113ac17d9c50baef9dd76bd1"
  integrity sha512-lNaJgI+2Q5URQBkccEKHTQOPaXdUxnZZElQTZY0MFUAuaEqe1E+Nyvgdz/aIyNi6Z9MzO5dv1H8n58/GELp3+w==
  dependencies:
    wrappy "1"

optimist@~0.3, optimist@~0.3.5:
  version "0.3.7"
  resolved "https://registry.yarnpkg.com/optimist/-/optimist-0.3.7.tgz#c90941ad59e4273328923074d2cf2e7cbc6ec0d9"
  integrity sha512-TCx0dXQzVtSCg2OgY/bO9hjM9cV4XYx09TVK+s3+FhkjT6LovsLe+pPMzpWf+6yXK/hUizs2gUoTw3jHM0VaTQ==
  dependencies:
    wordwrap "~0.0.2"

pako@~0.2.5:
  version "0.2.9"
  resolved "https://registry.yarnpkg.com/pako/-/pako-0.2.9.tgz#f3f7522f4ef782348da8161bad9ecfd51bf83a75"
  integrity sha512-NUcwaKxUxWrZLpDG+z/xZaCgQITkA/Dv4V/T6bw7VON6l1Xz/VnrBqrYjZQ12TamKHzITTfOEIYUj48y2KXImA==

path-is-absolute@^1.0.0:
  version "1.0.1"
  resolved "https://registry.yarnpkg.com/path-is-absolute/-/path-is-absolute-1.0.1.tgz#174b9268735534ffbc7ace6bf53a5a9e1b5c5f5f"
  integrity sha512-AVbw3UJ2e9bq64vSaS9Am0fje1Pa8pbGqTTsmXfaIiMpnr5DlDhfJOuLj9Sf95ZPVDAUerDfEk88MPmPe7UCQg==

resolve@0.7.x:
  version "0.7.4"
  resolved "https://registry.yarnpkg.com/resolve/-/resolve-0.7.4.tgz#395a9ef9e873fbfe12bd14408bd91bb936003d69"
  integrity sha512-zxmAcifDjKxmUbk7chQdKhDSn8ml08g+MYyU37xhEXBp+N81cfbYsm4e0Gn9jtLbAvbR8w8Ox09xqUZtPuCoeA==

rimraf@2, rimraf@^2.2.2:
  version "2.7.1"
  resolved "https://registry.yarnpkg.com/rimraf/-/rimraf-2.7.1.tgz#35797f13a7fdadc566142c29d4f07ccad483e3ec"
  integrity sha512-uWjbaKIK3T1OSVptzX7Nl6PvQ3qAGtKEtVRjRuazjfL3Bx5eI409VZSqgND+4UNnmzLVdPj9FqFJNPqBZFve4w==
  dependencies:
    glob "^7.1.3"

sigmund@~1.0.0:
  version "1.0.1"
  resolved "https://registry.yarnpkg.com/sigmund/-/sigmund-1.0.1.tgz#3ff21f198cad2175f9f3b781853fd94d0d19b590"
  integrity sha512-fCvEXfh6NWpm+YSuY2bpXb/VIihqWA6hLsgboC+0nl71Q7N7o2eaCW8mJa/NLvQhs6jpd3VZV4UiUQlV6+lc8g==

source-map@0.1.33:
  version "0.1.33"
  resolved "https://registry.yarnpkg.com/source-map/-/source-map-0.1.33.tgz#c659297a73af18c073b0aa2e7cc91e316b5c570c"
  integrity sha512-bled/6w7dhwC1MDeEDF+y3ojAzDZsz0N2ki61/YaGVQu+dGsm+VOvtGw2ZLomckp66Fuas9D9zsQkQqqgXnvhw==
  dependencies:
    amdefine ">=0.0.4"

source-map@~0.1.33, source-map@~0.1.7:
  version "0.1.43"
  resolved "https://registry.yarnpkg.com/source-map/-/source-map-0.1.43.tgz#c24bc146ca517c1471f5dacbe2571b2b7f9e3346"
  integrity sha512-VtCvB9SIQhk3aF6h+N85EaqIaBFIAfZ9Cu+NJHHVvc8BbEcnvDcFw6sqQ2dQrT6SlOrZq3tIvyD9+EGq/lJryQ==
  dependencies:
    amdefine ">=0.0.4"

sprintf-js@~1.0.2:
  version "1.0.3"
  resolved "https://registry.yarnpkg.com/sprintf-js/-/sprintf-js-1.0.3.tgz#04e6926f662895354f3dd015203633b857297e2c"
  integrity sha512-D9cPgkvLlV3t3IzL0D0YLvGA9Ahk4PcvVwUbN0dSGr1aP0Nrt4AEnTUbuGvquEC0mA64Gqt1fzirlRs5ibXx8g==

stream-combiner@^0.0.4:
  version "0.0.4"
  resolved "https://registry.yarnpkg.com/stream-combiner/-/stream-combiner-0.0.4.tgz#4d5e433c185261dde623ca3f44c586bcf5c4ad14"
  integrity sha512-rT00SPnTVyRsaSz5zgSPma/aHSOic5U1prhYdRy5HS2kTZviFpmDgzilbtsJsxiroqACmayynDN/9VzIbX5DOw==
  dependencies:
    duplexer "~0.1.1"

tar@^0.1.18:
  version "0.1.20"
  resolved "https://registry.yarnpkg.com/tar/-/tar-0.1.20.tgz#42940bae5b5f22c74483699126f9f3f27449cb13"
  integrity sha512-RW79YhJI8vSyOcVv0OzOr7DVGkhtFhyz6cufNETPF7dmCJ/kQH+ubpCZkV8Wb7RvQlPuGplQPy0o2ihElzkEZA==
  dependencies:
    block-stream "*"
    fstream "~0.1.28"
    inherits "2"

tempfile@^0.1.2:
  version "0.1.3"
  resolved "https://registry.yarnpkg.com/tempfile/-/tempfile-0.1.3.tgz#7d6b710047339d39f847327a056dadf183103010"
  integrity sha512-eW5GbbQLBEpa21WNlpvJcvv/DNXLyMNOQBnhellCzQdXAf5Ctmrr8GDLc/YAymOF3t+17wmeE+kZCKBoaanEtA==
  dependencies:
    uuid "~1.4.0"

uglify-js@~2.3:
  version "2.3.6"
  resolved "https://registry.yarnpkg.com/uglify-js/-/uglify-js-2.3.6.tgz#fa0984770b428b7a9b2a8058f46355d14fef211a"
  integrity sha512-T2LWWydxf5+Btpb0S/Gg/yKFmYjnX9jtQ4mdN9YRq73BhN21EhU0Dvw3wYDLqd3TooGUJlCKf3Gfyjjy/RTcWA==
  dependencies:
    async "~0.2.6"
    optimist "~0.3.5"
    source-map "~0.1.7"

underscore.string@^2.3.3:
  version "2.4.0"
  resolved "https://registry.yarnpkg.com/underscore.string/-/underscore.string-2.4.0.tgz#8cdd8fbac4e2d2ea1e7e2e8097c42f442280f85b"
  integrity sha512-yxkabuCaIBnzfIvX3kBxQqCs0ar/bfJwDnFEHJUm/ZrRVhT3IItdRF5cZjARLzEnyQYtIUhsZ2LG2j3HidFOFQ==

underscore.string@~2.3.3:
  version "2.3.3"
  resolved "https://registry.yarnpkg.com/underscore.string/-/underscore.string-2.3.3.tgz#71c08bf6b428b1133f37e78fa3a21c82f7329b0d"
  integrity sha512-hbD5MibthuDAu4yA5wxes5bzFgqd3PpBJuClbRxaNddxfdsz+qf+1kHwrGQFrmchmDHb9iNU+6EHDn8uj0xDJg==

uuid@~1.4.0:
  version "1.4.2"
  resolved "https://registry.yarnpkg.com/uuid/-/uuid-1.4.2.tgz#453019f686966a6df83cdc5244e7c990ecc332fc"
  integrity sha512-woV5Ei+GBJyrqMXt0mJ9p8/I+47LYKp/4urH76FNTMjl22EhLPz1tNrQufTsrFf/PYV/7ctSZYAK7fKPWQKg+Q==

which@1.0.x:
  version "1.0.9"
  resolved "https://registry.yarnpkg.com/which/-/which-1.0.9.tgz#460c1da0f810103d0321a9b633af9e575e64486f"
  integrity sha512-E87fdQ/eRJr9W1X4wTPejNy9zTW3FI2vpCZSJ/HAY+TkjKVC0TUm1jk6vn2Z7qay0DQy0+RBGdXxj+RmmiGZKQ==

wordwrap@0.0.x, wordwrap@~0.0.2:
  version "0.0.3"
  resolved "https://registry.yarnpkg.com/wordwrap/-/wordwrap-0.0.3.tgz#a3d5da6cd5c0bc0008d37234bbaf1bed63059107"
  integrity sha512-1tMA907+V4QmxV7dbRvb4/8MaRALK6q9Abid3ndMYnbyo8piisCmeONVqVSXqQA3KaP4SLt5b7ud6E2sqP8TFw==

wrappy@1:
  version "1.0.2"
  resolved "https://registry.yarnpkg.com/wrappy/-/wrappy-1.0.2.tgz#b5243d8f3ec1aa35f1364605bc0d1036e30ab69f"
  integrity sha512-l4Sp/DRseor9wL6EvV2+TuQn63dMkPjZ/sp9XkghTEbV9KlPS1xUsZ3u7/IQO4wxtcFB4bgpQPRcR3QCvezPcQ==
